
Microsoft Visual Studio Solution File, Format Version 12.00
# Visual Studio Version 16
VisualStudioVersion = 16.0.30804.86
MinimumVisualStudioVersion = 10.0.40219.1
Project("{FAE04EC0-301F-11D3-BF4B-00C04F79EFBC}") = "TaxCalcService", "TaxCalcService\TaxCalcService.csproj", "{9F99328A-2DC7-4832-A361-B2A6E8C42EC3}"
EndProject
Project("{FAE04EC0-301F-11D3-BF4B-00C04F79EFBC}") = "TaxCalcService.Tests", "TaxCalcService.Tests\TaxCalcService.Tests.csproj", "{C6ED8BC1-AB6D-4344-9C37-C46257F5BAF2}"
EndProject
Global
	GlobalSection(SolutionConfigurationPlatforms) = preSolution
		Debug|Any CPU = Debug|Any CPU
		Release|Any CPU = Release|Any CPU
	EndGlobalSection
	GlobalSection(ProjectConfigurationPlatforms) = postSolution
		{9F99328A-2DC7-4832-A361-B2A6E8C42EC3}.Debug|Any CPU.ActiveCfg = Debug|Any CPU
		{9F99328A-2DC7-4832-A361-B2A6E8C42EC3}.Debug|Any CPU.Build.0 = Debug|Any CPU
		{9F99328A-2DC7-4832-A361-B2A6E8C42EC3}.Release|Any CPU.ActiveCfg = Release|Any CPU
		{9F99328A-2DC7-4832-A361-B2A6E8C42EC3}.Release|Any CPU.Build.0 = Release|Any CPU
		{C6ED8BC1-AB6D-4344-9C37-C46257F5BAF2}.Debug|Any CPU.ActiveCfg = Debug|Any CPU
		{C6ED8BC1-AB6D-4344-9C37-C46257F5BAF2}.Debug|Any CPU.Build.0 = Debug|Any CPU
		{C6ED8BC1-AB6D-4344-9C37-C46257F5BAF2}.Release|Any CPU.ActiveCfg = Release|Any CPU
		{C6ED8BC1-AB6D-4344-9C37-C46257F5BAF2}.Release|Any CPU.Build.0 = Release|Any CPU
	EndGlobalSection
	GlobalSection(SolutionProperties) = preSolution
		HideSolutionNode = FALSE
	EndGlobalSection
	GlobalSection(ExtensibilityGlobals) = postSolution
		SolutionGuid = {0311FD5A-7264-4CF0-85F7-F086DCECC1DB}
	EndGlobalSection
EndGlobal
